// !$*UTF8*$!
{
	archiveVersion = 1;
	classes = {
	};
	objectVersion = 56;
	objects = {

/* Begin PBXBuildFile section */
		3582A4EB2CB637DA0031DDB3 /* AppDelegate.swift in Sources */ = {isa = PBXBuildFile; fileRef = 3582A4EA2CB637DA0031DDB3 /* AppDelegate.swift */; };
		3582A4ED2CB637DA0031DDB3 /* SceneDelegate.swift in Sources */ = {isa = PBXBuildFile; fileRef = 3582A4EC2CB637DA0031DDB3 /* SceneDelegate.swift */; };
		3582A4F42CB637DB0031DDB3 /* Assets.xcassets in Resources */ = {isa = PBXBuildFile; fileRef = 3582A4F32CB637DB0031DDB3 /* Assets.xcassets */; };
		3582A4F72CB637DB0031DDB3 /* Base in Resources */ = {isa = PBXBuildFile; fileRef = 3582A4F62CB637DB0031DDB3 /* Base */; };
		3582A5022CB670F30031DDB3 /* RealmRepository.swift in Sources */ = {isa = PBXBuildFile; fileRef = 3582A5012CB670F30031DDB3 /* RealmRepository.swift */; };
		3582A5072CB681FA0031DDB3 /* LikedMedia.swift in Sources */ = {isa = PBXBuildFile; fileRef = 3582A5062CB681FA0031DDB3 /* LikedMedia.swift */; };
		3582A50C2CB6AF980031DDB3 /* HomeViewController.swift in Sources */ = {isa = PBXBuildFile; fileRef = 3582A50B2CB6AF980031DDB3 /* HomeViewController.swift */; };
		3582A50E2CB6AFB30031DDB3 /* HomeView.swift in Sources */ = {isa = PBXBuildFile; fileRef = 3582A50D2CB6AFB30031DDB3 /* HomeView.swift */; };
		3582A5102CB6AFF80031DDB3 /* HomeViewModel.swift in Sources */ = {isa = PBXBuildFile; fileRef = 3582A50F2CB6AFF80031DDB3 /* HomeViewModel.swift */; };
		3582A5122CB6BC5A0031DDB3 /* MediaPosterCell.swift in Sources */ = {isa = PBXBuildFile; fileRef = 3582A5112CB6BC5A0031DDB3 /* MediaPosterCell.swift */; };
		4401614C2CB6C53F004EC740 /* APIKey.swift in Sources */ = {isa = PBXBuildFile; fileRef = 4401614B2CB6C53F004EC740 /* APIKey.swift */; };
		4401614E2CB6C574004EC740 /* Router.swift in Sources */ = {isa = PBXBuildFile; fileRef = 4401614D2CB6C574004EC740 /* Router.swift */; };
		440161502CB6C595004EC740 /* TargetType.swift in Sources */ = {isa = PBXBuildFile; fileRef = 4401614F2CB6C595004EC740 /* TargetType.swift */; };
		727B1EA22CB67063002297DD /* Kingfisher in Frameworks */ = {isa = PBXBuildFile; productRef = 727B1EA12CB67063002297DD /* Kingfisher */; };
		727B1EA52CB67070002297DD /* Toast in Frameworks */ = {isa = PBXBuildFile; productRef = 727B1EA42CB67070002297DD /* Toast */; };
		727B1EA82CB670AA002297DD /* Alamofire in Frameworks */ = {isa = PBXBuildFile; productRef = 727B1EA72CB670AA002297DD /* Alamofire */; };
		727B1EAB2CB67112002297DD /* RealmSwift in Frameworks */ = {isa = PBXBuildFile; productRef = 727B1EAA2CB67112002297DD /* RealmSwift */; };
		727B1EAC2CB67122002297DD /* RealmSwift in Embed Frameworks */ = {isa = PBXBuildFile; productRef = 727B1EAA2CB67112002297DD /* RealmSwift */; settings = {ATTRIBUTES = (CodeSignOnCopy, ); }; };
		7297ACE22CB6A45500AE3800 /* TabBarController.swift in Sources */ = {isa = PBXBuildFile; fileRef = 7297ACE12CB6A45500AE3800 /* TabBarController.swift */; };
		7297ACE42CB6A7F000AE3800 /* AppStrings.swift in Sources */ = {isa = PBXBuildFile; fileRef = 7297ACE32CB6A7F000AE3800 /* AppStrings.swift */; };
		72A3AAFF2CB63B93005FBCDD /* .gitignore in Resources */ = {isa = PBXBuildFile; fileRef = 72A3AAFE2CB63B93005FBCDD /* .gitignore */; };
		72A3AB052CB63C95005FBCDD /* BaseView.swift in Sources */ = {isa = PBXBuildFile; fileRef = 72A3AB042CB63C95005FBCDD /* BaseView.swift */; };
		72A3AB072CB63CA6005FBCDD /* BaseViewController.swift in Sources */ = {isa = PBXBuildFile; fileRef = 72A3AB062CB63CA6005FBCDD /* BaseViewController.swift */; };
		72A3AB0A2CB63D02005FBCDD /* RxCocoa in Frameworks */ = {isa = PBXBuildFile; productRef = 72A3AB092CB63D02005FBCDD /* RxCocoa */; };
		72A3AB0C2CB63D02005FBCDD /* RxSwift in Frameworks */ = {isa = PBXBuildFile; productRef = 72A3AB0B2CB63D02005FBCDD /* RxSwift */; };
		72A3AB0E2CB63D0F005FBCDD /* BaseViewModel.swift in Sources */ = {isa = PBXBuildFile; fileRef = 72A3AB0D2CB63D0F005FBCDD /* BaseViewModel.swift */; };
		72A3AB102CB63D34005FBCDD /* BaseCollectionViewCell.swift in Sources */ = {isa = PBXBuildFile; fileRef = 72A3AB0F2CB63D34005FBCDD /* BaseCollectionViewCell.swift */; };
		72A3AB122CB63D4A005FBCDD /* BaseTableViewCell.swift in Sources */ = {isa = PBXBuildFile; fileRef = 72A3AB112CB63D4A005FBCDD /* BaseTableViewCell.swift */; };
		72A3AB182CB64056005FBCDD /* SearchView.swift in Sources */ = {isa = PBXBuildFile; fileRef = 72A3AB172CB64056005FBCDD /* SearchView.swift */; };
		72A3AB1A2CB64094005FBCDD /* SearchViewModel.swift in Sources */ = {isa = PBXBuildFile; fileRef = 72A3AB192CB64094005FBCDD /* SearchViewModel.swift */; };
		72A3AB1C2CB6409E005FBCDD /* SearchViewController.swift in Sources */ = {isa = PBXBuildFile; fileRef = 72A3AB1B2CB6409E005FBCDD /* SearchViewController.swift */; };
		72A3AB1F2CB6418C005FBCDD /* SnapKit in Frameworks */ = {isa = PBXBuildFile; productRef = 72A3AB1E2CB6418C005FBCDD /* SnapKit */; };
		72A3AB272CB66949005FBCDD /* AppColors.swift in Sources */ = {isa = PBXBuildFile; fileRef = 72A3AB262CB66949005FBCDD /* AppColors.swift */; };
		72A3AB292CB6698B005FBCDD /* AppIcon.swift in Sources */ = {isa = PBXBuildFile; fileRef = 72A3AB282CB6698B005FBCDD /* AppIcon.swift */; };
/* End PBXBuildFile section */

/* Begin PBXCopyFilesBuildPhase section */
		727B1EAD2CB67122002297DD /* Embed Frameworks */ = {
			isa = PBXCopyFilesBuildPhase;
			buildActionMask = 2147483647;
			dstPath = "";
			dstSubfolderSpec = 10;
			files = (
				727B1EAC2CB67122002297DD /* RealmSwift in Embed Frameworks */,
			);
			name = "Embed Frameworks";
			runOnlyForDeploymentPostprocessing = 0;
		};
/* End PBXCopyFilesBuildPhase section */

/* Begin PBXFileReference section */
		3582A4E72CB637DA0031DDB3 /* MediaTeamProject.app */ = {isa = PBXFileReference; explicitFileType = wrapper.application; includeInIndex = 0; path = MediaTeamProject.app; sourceTree = BUILT_PRODUCTS_DIR; };
		3582A4EA2CB637DA0031DDB3 /* AppDelegate.swift */ = {isa = PBXFileReference; lastKnownFileType = sourcecode.swift; path = AppDelegate.swift; sourceTree = "<group>"; };
		3582A4EC2CB637DA0031DDB3 /* SceneDelegate.swift */ = {isa = PBXFileReference; lastKnownFileType = sourcecode.swift; path = SceneDelegate.swift; sourceTree = "<group>"; };
		3582A4F32CB637DB0031DDB3 /* Assets.xcassets */ = {isa = PBXFileReference; lastKnownFileType = folder.assetcatalog; path = Assets.xcassets; sourceTree = "<group>"; };
		3582A4F62CB637DB0031DDB3 /* Base */ = {isa = PBXFileReference; lastKnownFileType = file.storyboard; name = Base; path = Base.lproj/LaunchScreen.storyboard; sourceTree = "<group>"; };
		3582A4F82CB637DB0031DDB3 /* Info.plist */ = {isa = PBXFileReference; lastKnownFileType = text.plist.xml; path = Info.plist; sourceTree = "<group>"; };
		3582A5012CB670F30031DDB3 /* RealmRepository.swift */ = {isa = PBXFileReference; lastKnownFileType = sourcecode.swift; path = RealmRepository.swift; sourceTree = "<group>"; };
		3582A5062CB681FA0031DDB3 /* LikedMedia.swift */ = {isa = PBXFileReference; lastKnownFileType = sourcecode.swift; path = LikedMedia.swift; sourceTree = "<group>"; };
		3582A50B2CB6AF980031DDB3 /* HomeViewController.swift */ = {isa = PBXFileReference; lastKnownFileType = sourcecode.swift; path = HomeViewController.swift; sourceTree = "<group>"; };
		3582A50D2CB6AFB30031DDB3 /* HomeView.swift */ = {isa = PBXFileReference; lastKnownFileType = sourcecode.swift; path = HomeView.swift; sourceTree = "<group>"; };
		3582A50F2CB6AFF80031DDB3 /* HomeViewModel.swift */ = {isa = PBXFileReference; lastKnownFileType = sourcecode.swift; path = HomeViewModel.swift; sourceTree = "<group>"; };
		3582A5112CB6BC5A0031DDB3 /* MediaPosterCell.swift */ = {isa = PBXFileReference; lastKnownFileType = sourcecode.swift; path = MediaPosterCell.swift; sourceTree = "<group>"; };
		4401614B2CB6C53F004EC740 /* APIKey.swift */ = {isa = PBXFileReference; lastKnownFileType = sourcecode.swift; path = APIKey.swift; sourceTree = "<group>"; };
		4401614D2CB6C574004EC740 /* Router.swift */ = {isa = PBXFileReference; lastKnownFileType = sourcecode.swift; path = Router.swift; sourceTree = "<group>"; };
		4401614F2CB6C595004EC740 /* TargetType.swift */ = {isa = PBXFileReference; lastKnownFileType = sourcecode.swift; path = TargetType.swift; sourceTree = "<group>"; };
		7297ACE12CB6A45500AE3800 /* TabBarController.swift */ = {isa = PBXFileReference; lastKnownFileType = sourcecode.swift; path = TabBarController.swift; sourceTree = "<group>"; };
		7297ACE32CB6A7F000AE3800 /* AppStrings.swift */ = {isa = PBXFileReference; lastKnownFileType = sourcecode.swift; path = AppStrings.swift; sourceTree = "<group>"; };
		72A3AAFE2CB63B93005FBCDD /* .gitignore */ = {isa = PBXFileReference; lastKnownFileType = text; path = .gitignore; sourceTree = "<group>"; };
		72A3AB042CB63C95005FBCDD /* BaseView.swift */ = {isa = PBXFileReference; lastKnownFileType = sourcecode.swift; path = BaseView.swift; sourceTree = "<group>"; };
		72A3AB062CB63CA6005FBCDD /* BaseViewController.swift */ = {isa = PBXFileReference; lastKnownFileType = sourcecode.swift; path = BaseViewController.swift; sourceTree = "<group>"; };
		72A3AB0D2CB63D0F005FBCDD /* BaseViewModel.swift */ = {isa = PBXFileReference; lastKnownFileType = sourcecode.swift; path = BaseViewModel.swift; sourceTree = "<group>"; };
		72A3AB0F2CB63D34005FBCDD /* BaseCollectionViewCell.swift */ = {isa = PBXFileReference; lastKnownFileType = sourcecode.swift; path = BaseCollectionViewCell.swift; sourceTree = "<group>"; };
		72A3AB112CB63D4A005FBCDD /* BaseTableViewCell.swift */ = {isa = PBXFileReference; lastKnownFileType = sourcecode.swift; path = BaseTableViewCell.swift; sourceTree = "<group>"; };
		72A3AB172CB64056005FBCDD /* SearchView.swift */ = {isa = PBXFileReference; lastKnownFileType = sourcecode.swift; path = SearchView.swift; sourceTree = "<group>"; };
		72A3AB192CB64094005FBCDD /* SearchViewModel.swift */ = {isa = PBXFileReference; lastKnownFileType = sourcecode.swift; path = SearchViewModel.swift; sourceTree = "<group>"; };
		72A3AB1B2CB6409E005FBCDD /* SearchViewController.swift */ = {isa = PBXFileReference; lastKnownFileType = sourcecode.swift; path = SearchViewController.swift; sourceTree = "<group>"; };
		72A3AB262CB66949005FBCDD /* AppColors.swift */ = {isa = PBXFileReference; lastKnownFileType = sourcecode.swift; path = AppColors.swift; sourceTree = "<group>"; };
		72A3AB282CB6698B005FBCDD /* AppIcon.swift */ = {isa = PBXFileReference; lastKnownFileType = sourcecode.swift; path = AppIcon.swift; sourceTree = "<group>"; };
/* End PBXFileReference section */

/* Begin PBXFrameworksBuildPhase section */
		3582A4E42CB637DA0031DDB3 /* Frameworks */ = {
			isa = PBXFrameworksBuildPhase;
			buildActionMask = 2147483647;
			files = (
				727B1EA22CB67063002297DD /* Kingfisher in Frameworks */,
				72A3AB1F2CB6418C005FBCDD /* SnapKit in Frameworks */,
				727B1EAB2CB67112002297DD /* RealmSwift in Frameworks */,
				72A3AB0C2CB63D02005FBCDD /* RxSwift in Frameworks */,
				727B1EA82CB670AA002297DD /* Alamofire in Frameworks */,
				727B1EA52CB67070002297DD /* Toast in Frameworks */,
				72A3AB0A2CB63D02005FBCDD /* RxCocoa in Frameworks */,
			);
			runOnlyForDeploymentPostprocessing = 0;
		};
/* End PBXFrameworksBuildPhase section */

/* Begin PBXGroup section */
		3582A4DE2CB637DA0031DDB3 = {
			isa = PBXGroup;
			children = (
				72A3AAFE2CB63B93005FBCDD /* .gitignore */,
				3582A4E92CB637DA0031DDB3 /* MediaTeamProject */,
				3582A4E82CB637DA0031DDB3 /* Products */,
			);
			sourceTree = "<group>";
		};
		3582A4E82CB637DA0031DDB3 /* Products */ = {
			isa = PBXGroup;
			children = (
				3582A4E72CB637DA0031DDB3 /* MediaTeamProject.app */,
			);
			name = Products;
			sourceTree = "<group>";
		};
		3582A4E92CB637DA0031DDB3 /* MediaTeamProject */ = {
			isa = PBXGroup;
			children = (
				72A3AB002CB63BEB005FBCDD /* Resource */,
				72A3AB012CB63BF2005FBCDD /* Source */,
				3582A4F82CB637DB0031DDB3 /* Info.plist */,
			);
			path = MediaTeamProject;
			sourceTree = "<group>";
		};
		3582A4FE2CB670D40031DDB3 /* Database */ = {
			isa = PBXGroup;
			children = (
				3582A5062CB681FA0031DDB3 /* LikedMedia.swift */,
				3582A5012CB670F30031DDB3 /* RealmRepository.swift */,
			);
			path = Database;
			sourceTree = "<group>";
		};
		3582A5082CB6AEB20031DDB3 /* HomeScene */ = {
			isa = PBXGroup;
			children = (
				3582A5092CB6AEC50031DDB3 /* View */,
				3582A50A2CB6AECB0031DDB3 /* ViewModel */,
			);
			path = HomeScene;
			sourceTree = "<group>";
		};
		3582A5092CB6AEC50031DDB3 /* View */ = {
			isa = PBXGroup;
			children = (
				3582A50B2CB6AF980031DDB3 /* HomeViewController.swift */,
				3582A50D2CB6AFB30031DDB3 /* HomeView.swift */,
			);
			path = View;
			sourceTree = "<group>";
		};
		3582A50A2CB6AECB0031DDB3 /* ViewModel */ = {
			isa = PBXGroup;
			children = (
				3582A50F2CB6AFF80031DDB3 /* HomeViewModel.swift */,
			);
			path = ViewModel;
			sourceTree = "<group>";
		};
		4401614A2CB6C4FF004EC740 /* Network */ = {
			isa = PBXGroup;
			children = (
				4401614B2CB6C53F004EC740 /* APIKey.swift */,
				4401614D2CB6C574004EC740 /* Router.swift */,
				4401614F2CB6C595004EC740 /* TargetType.swift */,
			);
			path = Network;
			sourceTree = "<group>";
		};
		7297ACE02CB6A41E00AE3800 /* TabBar */ = {
			isa = PBXGroup;
			children = (
				7297ACE12CB6A45500AE3800 /* TabBarController.swift */,
			);
			path = TabBar;
			sourceTree = "<group>";
		};
		72A3AB002CB63BEB005FBCDD /* Resource */ = {
			isa = PBXGroup;
			children = (
				3582A4EA2CB637DA0031DDB3 /* AppDelegate.swift */,
				3582A4EC2CB637DA0031DDB3 /* SceneDelegate.swift */,
				3582A4F32CB637DB0031DDB3 /* Assets.xcassets */,
				72A3AB022CB63C2D005FBCDD /* StoryBoard */,
			);
			path = Resource;
			sourceTree = "<group>";
		};
		72A3AB012CB63BF2005FBCDD /* Source */ = {
			isa = PBXGroup;
			children = (
				7297ACE02CB6A41E00AE3800 /* TabBar */,
				3582A4FE2CB670D40031DDB3 /* Database */,
				4401614A2CB6C4FF004EC740 /* Network */,
				72A3AB252CB66938005FBCDD /* Utilities */,
				72A3AB032CB63C83005FBCDD /* Base */,
				72A3AB132CB63FAC005FBCDD /* Scenes */,
			);
			path = Source;
			sourceTree = "<group>";
		};
		72A3AB022CB63C2D005FBCDD /* StoryBoard */ = {
			isa = PBXGroup;
			children = (
				3582A4F52CB637DB0031DDB3 /* LaunchScreen.storyboard */,
			);
			path = StoryBoard;
			sourceTree = "<group>";
		};
		72A3AB032CB63C83005FBCDD /* Base */ = {
			isa = PBXGroup;
			children = (
				72A3AB042CB63C95005FBCDD /* BaseView.swift */,
				72A3AB062CB63CA6005FBCDD /* BaseViewController.swift */,
				72A3AB0D2CB63D0F005FBCDD /* BaseViewModel.swift */,
				72A3AB0F2CB63D34005FBCDD /* BaseCollectionViewCell.swift */,
				72A3AB112CB63D4A005FBCDD /* BaseTableViewCell.swift */,
			);
			path = Base;
			sourceTree = "<group>";
		};
		72A3AB132CB63FAC005FBCDD /* Scenes */ = {
			isa = PBXGroup;
			children = (
				3582A5112CB6BC5A0031DDB3 /* MediaPosterCell.swift */,
				3582A5082CB6AEB20031DDB3 /* HomeScene */,
				72A3AB142CB6401A005FBCDD /* SearchScene */,
			);
			path = Scenes;
			sourceTree = "<group>";
		};
		72A3AB142CB6401A005FBCDD /* SearchScene */ = {
			isa = PBXGroup;
			children = (
				72A3AB152CB6403F005FBCDD /* View */,
				72A3AB162CB64044005FBCDD /* ViewModel */,
			);
			path = SearchScene;
			sourceTree = "<group>";
		};
		72A3AB152CB6403F005FBCDD /* View */ = {
			isa = PBXGroup;
			children = (
				72A3AB1B2CB6409E005FBCDD /* SearchViewController.swift */,
				72A3AB172CB64056005FBCDD /* SearchView.swift */,
			);
			path = View;
			sourceTree = "<group>";
		};
		72A3AB162CB64044005FBCDD /* ViewModel */ = {
			isa = PBXGroup;
			children = (
				72A3AB192CB64094005FBCDD /* SearchViewModel.swift */,
			);
			path = ViewModel;
			sourceTree = "<group>";
		};
		72A3AB252CB66938005FBCDD /* Utilities */ = {
			isa = PBXGroup;
			children = (
				72A3AB262CB66949005FBCDD /* AppColors.swift */,
				72A3AB282CB6698B005FBCDD /* AppIcon.swift */,
				7297ACE32CB6A7F000AE3800 /* AppStrings.swift */,
			);
			path = Utilities;
			sourceTree = "<group>";
		};
/* End PBXGroup section */

/* Begin PBXNativeTarget section */
		3582A4E62CB637DA0031DDB3 /* MediaTeamProject */ = {
			isa = PBXNativeTarget;
			buildConfigurationList = 3582A4FB2CB637DB0031DDB3 /* Build configuration list for PBXNativeTarget "MediaTeamProject" */;
			buildPhases = (
				3582A4E32CB637DA0031DDB3 /* Sources */,
				3582A4E42CB637DA0031DDB3 /* Frameworks */,
				3582A4E52CB637DA0031DDB3 /* Resources */,
				727B1EAD2CB67122002297DD /* Embed Frameworks */,
			);
			buildRules = (
			);
			dependencies = (
			);
			name = MediaTeamProject;
			packageProductDependencies = (
				72A3AB092CB63D02005FBCDD /* RxCocoa */,
				72A3AB0B2CB63D02005FBCDD /* RxSwift */,
				72A3AB1E2CB6418C005FBCDD /* SnapKit */,
				727B1EA12CB67063002297DD /* Kingfisher */,
				727B1EA42CB67070002297DD /* Toast */,
				727B1EA72CB670AA002297DD /* Alamofire */,
				727B1EAA2CB67112002297DD /* RealmSwift */,
			);
			productName = MediaTeamProject;
			productReference = 3582A4E72CB637DA0031DDB3 /* MediaTeamProject.app */;
			productType = "com.apple.product-type.application";
		};
/* End PBXNativeTarget section */

/* Begin PBXProject section */
		3582A4DF2CB637DA0031DDB3 /* Project object */ = {
			isa = PBXProject;
			attributes = {
				BuildIndependentTargetsInParallel = 1;
				LastSwiftUpdateCheck = 1530;
				LastUpgradeCheck = 1530;
				TargetAttributes = {
					3582A4E62CB637DA0031DDB3 = {
						CreatedOnToolsVersion = 15.3;
					};
				};
			};
			buildConfigurationList = 3582A4E22CB637DA0031DDB3 /* Build configuration list for PBXProject "MediaTeamProject" */;
			compatibilityVersion = "Xcode 14.0";
			developmentRegion = en;
			hasScannedForEncodings = 0;
			knownRegions = (
				en,
				Base,
			);
			mainGroup = 3582A4DE2CB637DA0031DDB3;
			packageReferences = (
				72A3AB082CB63D02005FBCDD /* XCRemoteSwiftPackageReference "RxSwift" */,
				72A3AB1D2CB6418C005FBCDD /* XCRemoteSwiftPackageReference "SnapKit" */,
				727B1EA02CB67063002297DD /* XCRemoteSwiftPackageReference "Kingfisher" */,
				727B1EA32CB67070002297DD /* XCRemoteSwiftPackageReference "Toast-Swift" */,
				727B1EA62CB670AA002297DD /* XCRemoteSwiftPackageReference "Alamofire" */,
				727B1EA92CB67112002297DD /* XCRemoteSwiftPackageReference "realm-swift" */,
			);
			productRefGroup = 3582A4E82CB637DA0031DDB3 /* Products */;
			projectDirPath = "";
			projectRoot = "";
			targets = (
				3582A4E62CB637DA0031DDB3 /* MediaTeamProject */,
			);
		};
/* End PBXProject section */

/* Begin PBXResourcesBuildPhase section */
		3582A4E52CB637DA0031DDB3 /* Resources */ = {
			isa = PBXResourcesBuildPhase;
			buildActionMask = 2147483647;
			files = (
				3582A4F42CB637DB0031DDB3 /* Assets.xcassets in Resources */,
				72A3AAFF2CB63B93005FBCDD /* .gitignore in Resources */,
				3582A4F72CB637DB0031DDB3 /* Base in Resources */,
			);
			runOnlyForDeploymentPostprocessing = 0;
		};
/* End PBXResourcesBuildPhase section */

/* Begin PBXSourcesBuildPhase section */
		3582A4E32CB637DA0031DDB3 /* Sources */ = {
			isa = PBXSourcesBuildPhase;
			buildActionMask = 2147483647;
			files = (
				4401614E2CB6C574004EC740 /* Router.swift in Sources */,
				3582A5102CB6AFF80031DDB3 /* HomeViewModel.swift in Sources */,
				440161502CB6C595004EC740 /* TargetType.swift in Sources */,
				4401614C2CB6C53F004EC740 /* APIKey.swift in Sources */,
				72A3AB1C2CB6409E005FBCDD /* SearchViewController.swift in Sources */,
				72A3AB122CB63D4A005FBCDD /* BaseTableViewCell.swift in Sources */,
				72A3AB292CB6698B005FBCDD /* AppIcon.swift in Sources */,
				3582A50C2CB6AF980031DDB3 /* HomeViewController.swift in Sources */,
				7297ACE22CB6A45500AE3800 /* TabBarController.swift in Sources */,
				7297ACE42CB6A7F000AE3800 /* AppStrings.swift in Sources */,
				72A3AB072CB63CA6005FBCDD /* BaseViewController.swift in Sources */,
				3582A5072CB681FA0031DDB3 /* LikedMedia.swift in Sources */,
				72A3AB102CB63D34005FBCDD /* BaseCollectionViewCell.swift in Sources */,
				3582A50E2CB6AFB30031DDB3 /* HomeView.swift in Sources */,
				3582A4EB2CB637DA0031DDB3 /* AppDelegate.swift in Sources */,
				72A3AB182CB64056005FBCDD /* SearchView.swift in Sources */,
				3582A4ED2CB637DA0031DDB3 /* SceneDelegate.swift in Sources */,
				72A3AB1A2CB64094005FBCDD /* SearchViewModel.swift in Sources */,
				72A3AB272CB66949005FBCDD /* AppColors.swift in Sources */,
				72A3AB052CB63C95005FBCDD /* BaseView.swift in Sources */,
				3582A5122CB6BC5A0031DDB3 /* MediaPosterCell.swift in Sources */,
				3582A5022CB670F30031DDB3 /* RealmRepository.swift in Sources */,
				72A3AB0E2CB63D0F005FBCDD /* BaseViewModel.swift in Sources */,
			);
			runOnlyForDeploymentPostprocessing = 0;
		};
/* End PBXSourcesBuildPhase section */

/* Begin PBXVariantGroup section */
		3582A4F52CB637DB0031DDB3 /* LaunchScreen.storyboard */ = {
			isa = PBXVariantGroup;
			children = (
				3582A4F62CB637DB0031DDB3 /* Base */,
			);
			name = LaunchScreen.storyboard;
			sourceTree = "<group>";
		};
/* End PBXVariantGroup section */

/* Begin XCBuildConfiguration section */
		3582A4F92CB637DB0031DDB3 /* Debug */ = {
			isa = XCBuildConfiguration;
			buildSettings = {
				ALWAYS_SEARCH_USER_PATHS = NO;
				ASSETCATALOG_COMPILER_GENERATE_SWIFT_ASSET_SYMBOL_EXTENSIONS = YES;
				CLANG_ANALYZER_NONNULL = YES;
				CLANG_ANALYZER_NUMBER_OBJECT_CONVERSION = YES_AGGRESSIVE;
				CLANG_CXX_LANGUAGE_STANDARD = "gnu++20";
				CLANG_ENABLE_MODULES = YES;
				CLANG_ENABLE_OBJC_ARC = YES;
				CLANG_ENABLE_OBJC_WEAK = YES;
				CLANG_WARN_BLOCK_CAPTURE_AUTORELEASING = YES;
				CLANG_WARN_BOOL_CONVERSION = YES;
				CLANG_WARN_COMMA = YES;
				CLANG_WARN_CONSTANT_CONVERSION = YES;
				CLANG_WARN_DEPRECATED_OBJC_IMPLEMENTATIONS = YES;
				CLANG_WARN_DIRECT_OBJC_ISA_USAGE = YES_ERROR;
				CLANG_WARN_DOCUMENTATION_COMMENTS = YES;
				CLANG_WARN_EMPTY_BODY = YES;
				CLANG_WARN_ENUM_CONVERSION = YES;
				CLANG_WARN_INFINITE_RECURSION = YES;
				CLANG_WARN_INT_CONVERSION = YES;
				CLANG_WARN_NON_LITERAL_NULL_CONVERSION = YES;
				CLANG_WARN_OBJC_IMPLICIT_RETAIN_SELF = YES;
				CLANG_WARN_OBJC_LITERAL_CONVERSION = YES;
				CLANG_WARN_OBJC_ROOT_CLASS = YES_ERROR;
				CLANG_WARN_QUOTED_INCLUDE_IN_FRAMEWORK_HEADER = YES;
				CLANG_WARN_RANGE_LOOP_ANALYSIS = YES;
				CLANG_WARN_STRICT_PROTOTYPES = YES;
				CLANG_WARN_SUSPICIOUS_MOVE = YES;
				CLANG_WARN_UNGUARDED_AVAILABILITY = YES_AGGRESSIVE;
				CLANG_WARN_UNREACHABLE_CODE = YES;
				CLANG_WARN__DUPLICATE_METHOD_MATCH = YES;
				COPY_PHASE_STRIP = NO;
				DEBUG_INFORMATION_FORMAT = dwarf;
				ENABLE_STRICT_OBJC_MSGSEND = YES;
				ENABLE_TESTABILITY = YES;
				ENABLE_USER_SCRIPT_SANDBOXING = YES;
				GCC_C_LANGUAGE_STANDARD = gnu17;
				GCC_DYNAMIC_NO_PIC = NO;
				GCC_NO_COMMON_BLOCKS = YES;
				GCC_OPTIMIZATION_LEVEL = 0;
				GCC_PREPROCESSOR_DEFINITIONS = (
					"DEBUG=1",
					"$(inherited)",
				);
				GCC_WARN_64_TO_32_BIT_CONVERSION = YES;
				GCC_WARN_ABOUT_RETURN_TYPE = YES_ERROR;
				GCC_WARN_UNDECLARED_SELECTOR = YES;
				GCC_WARN_UNINITIALIZED_AUTOS = YES_AGGRESSIVE;
				GCC_WARN_UNUSED_FUNCTION = YES;
				GCC_WARN_UNUSED_VARIABLE = YES;
				IPHONEOS_DEPLOYMENT_TARGET = 17.4;
				LOCALIZATION_PREFERS_STRING_CATALOGS = YES;
				MTL_ENABLE_DEBUG_INFO = INCLUDE_SOURCE;
				MTL_FAST_MATH = YES;
				ONLY_ACTIVE_ARCH = YES;
				SDKROOT = iphoneos;
				SWIFT_ACTIVE_COMPILATION_CONDITIONS = "DEBUG $(inherited)";
				SWIFT_OPTIMIZATION_LEVEL = "-Onone";
			};
			name = Debug;
		};
		3582A4FA2CB637DB0031DDB3 /* Release */ = {
			isa = XCBuildConfiguration;
			buildSettings = {
				ALWAYS_SEARCH_USER_PATHS = NO;
				ASSETCATALOG_COMPILER_GENERATE_SWIFT_ASSET_SYMBOL_EXTENSIONS = YES;
				CLANG_ANALYZER_NONNULL = YES;
				CLANG_ANALYZER_NUMBER_OBJECT_CONVERSION = YES_AGGRESSIVE;
				CLANG_CXX_LANGUAGE_STANDARD = "gnu++20";
				CLANG_ENABLE_MODULES = YES;
				CLANG_ENABLE_OBJC_ARC = YES;
				CLANG_ENABLE_OBJC_WEAK = YES;
				CLANG_WARN_BLOCK_CAPTURE_AUTORELEASING = YES;
				CLANG_WARN_BOOL_CONVERSION = YES;
				CLANG_WARN_COMMA = YES;
				CLANG_WARN_CONSTANT_CONVERSION = YES;
				CLANG_WARN_DEPRECATED_OBJC_IMPLEMENTATIONS = YES;
				CLANG_WARN_DIRECT_OBJC_ISA_USAGE = YES_ERROR;
				CLANG_WARN_DOCUMENTATION_COMMENTS = YES;
				CLANG_WARN_EMPTY_BODY = YES;
				CLANG_WARN_ENUM_CONVERSION = YES;
				CLANG_WARN_INFINITE_RECURSION = YES;
				CLANG_WARN_INT_CONVERSION = YES;
				CLANG_WARN_NON_LITERAL_NULL_CONVERSION = YES;
				CLANG_WARN_OBJC_IMPLICIT_RETAIN_SELF = YES;
				CLANG_WARN_OBJC_LITERAL_CONVERSION = YES;
				CLANG_WARN_OBJC_ROOT_CLASS = YES_ERROR;
				CLANG_WARN_QUOTED_INCLUDE_IN_FRAMEWORK_HEADER = YES;
				CLANG_WARN_RANGE_LOOP_ANALYSIS = YES;
				CLANG_WARN_STRICT_PROTOTYPES = YES;
				CLANG_WARN_SUSPICIOUS_MOVE = YES;
				CLANG_WARN_UNGUARDED_AVAILABILITY = YES_AGGRESSIVE;
				CLANG_WARN_UNREACHABLE_CODE = YES;
				CLANG_WARN__DUPLICATE_METHOD_MATCH = YES;
				COPY_PHASE_STRIP = NO;
				DEBUG_INFORMATION_FORMAT = "dwarf-with-dsym";
				ENABLE_NS_ASSERTIONS = NO;
				ENABLE_STRICT_OBJC_MSGSEND = YES;
				ENABLE_USER_SCRIPT_SANDBOXING = YES;
				GCC_C_LANGUAGE_STANDARD = gnu17;
				GCC_NO_COMMON_BLOCKS = YES;
				GCC_WARN_64_TO_32_BIT_CONVERSION = YES;
				GCC_WARN_ABOUT_RETURN_TYPE = YES_ERROR;
				GCC_WARN_UNDECLARED_SELECTOR = YES;
				GCC_WARN_UNINITIALIZED_AUTOS = YES_AGGRESSIVE;
				GCC_WARN_UNUSED_FUNCTION = YES;
				GCC_WARN_UNUSED_VARIABLE = YES;
				IPHONEOS_DEPLOYMENT_TARGET = 17.4;
				LOCALIZATION_PREFERS_STRING_CATALOGS = YES;
				MTL_ENABLE_DEBUG_INFO = NO;
				MTL_FAST_MATH = YES;
				SDKROOT = iphoneos;
				SWIFT_COMPILATION_MODE = wholemodule;
				VALIDATE_PRODUCT = YES;
			};
			name = Release;
		};
		3582A4FC2CB637DB0031DDB3 /* Debug */ = {
			isa = XCBuildConfiguration;
			buildSettings = {
				ASSETCATALOG_COMPILER_APPICON_NAME = AppIcon;
				ASSETCATALOG_COMPILER_GLOBAL_ACCENT_COLOR_NAME = AccentColor;
				CODE_SIGN_STYLE = Automatic;
				CURRENT_PROJECT_VERSION = 1;
				DEVELOPMENT_TEAM = F3724U2GB3;
				GENERATE_INFOPLIST_FILE = YES;
				INFOPLIST_FILE = MediaTeamProject/Info.plist;
				INFOPLIST_KEY_UIApplicationSupportsIndirectInputEvents = YES;
				INFOPLIST_KEY_UILaunchStoryboardName = LaunchScreen;
				INFOPLIST_KEY_UIMainStoryboardFile = "";
				INFOPLIST_KEY_UISupportedInterfaceOrientations = UIInterfaceOrientationPortrait;
				INFOPLIST_KEY_UISupportedInterfaceOrientations_iPad = UIInterfaceOrientationPortrait;
				IPHONEOS_DEPLOYMENT_TARGET = 15.0;
				LD_RUNPATH_SEARCH_PATHS = (
					"$(inherited)",
					"@executable_path/Frameworks",
				);
				MARKETING_VERSION = 1.0;
				PRODUCT_BUNDLE_IDENTIFIER = joy.MediaTeamProject;
				PRODUCT_NAME = "$(TARGET_NAME)";
				SUPPORTED_PLATFORMS = "iphoneos iphonesimulator";
				SUPPORTS_MACCATALYST = NO;
				SUPPORTS_MAC_DESIGNED_FOR_IPHONE_IPAD = NO;
				SUPPORTS_XR_DESIGNED_FOR_IPHONE_IPAD = NO;
				SWIFT_EMIT_LOC_STRINGS = YES;
				SWIFT_VERSION = 5.0;
				TARGETED_DEVICE_FAMILY = 1;
			};
			name = Debug;
		};
		3582A4FD2CB637DB0031DDB3 /* Release */ = {
			isa = XCBuildConfiguration;
			buildSettings = {
				ASSETCATALOG_COMPILER_APPICON_NAME = AppIcon;
				ASSETCATALOG_COMPILER_GLOBAL_ACCENT_COLOR_NAME = AccentColor;
				CODE_SIGN_STYLE = Automatic;
				CURRENT_PROJECT_VERSION = 1;
				DEVELOPMENT_TEAM = F3724U2GB3;
				GENERATE_INFOPLIST_FILE = YES;
				INFOPLIST_FILE = MediaTeamProject/Info.plist;
				INFOPLIST_KEY_UIApplicationSupportsIndirectInputEvents = YES;
				INFOPLIST_KEY_UILaunchStoryboardName = LaunchScreen;
				INFOPLIST_KEY_UIMainStoryboardFile = "";
				INFOPLIST_KEY_UISupportedInterfaceOrientations = UIInterfaceOrientationPortrait;
				INFOPLIST_KEY_UISupportedInterfaceOrientations_iPad = UIInterfaceOrientationPortrait;
				IPHONEOS_DEPLOYMENT_TARGET = 15.0;
				LD_RUNPATH_SEARCH_PATHS = (
					"$(inherited)",
					"@executable_path/Frameworks",
				);
				MARKETING_VERSION = 1.0;
				PRODUCT_BUNDLE_IDENTIFIER = joy.MediaTeamProject;
				PRODUCT_NAME = "$(TARGET_NAME)";
				SUPPORTED_PLATFORMS = "iphoneos iphonesimulator";
				SUPPORTS_MACCATALYST = NO;
				SUPPORTS_MAC_DESIGNED_FOR_IPHONE_IPAD = NO;
				SUPPORTS_XR_DESIGNED_FOR_IPHONE_IPAD = NO;
				SWIFT_EMIT_LOC_STRINGS = YES;
				SWIFT_VERSION = 5.0;
				TARGETED_DEVICE_FAMILY = 1;
			};
			name = Release;
		};
/* End XCBuildConfiguration section */

/* Begin XCConfigurationList section */
		3582A4E22CB637DA0031DDB3 /* Build configuration list for PBXProject "MediaTeamProject" */ = {
			isa = XCConfigurationList;
			buildConfigurations = (
				3582A4F92CB637DB0031DDB3 /* Debug */,
				3582A4FA2CB637DB0031DDB3 /* Release */,
			);
			defaultConfigurationIsVisible = 0;
			defaultConfigurationName = Release;
		};
		3582A4FB2CB637DB0031DDB3 /* Build configuration list for PBXNativeTarget "MediaTeamProject" */ = {
			isa = XCConfigurationList;
			buildConfigurations = (
				3582A4FC2CB637DB0031DDB3 /* Debug */,
				3582A4FD2CB637DB0031DDB3 /* Release */,
			);
			defaultConfigurationIsVisible = 0;
			defaultConfigurationName = Release;
		};
/* End XCConfigurationList section */

/* Begin XCRemoteSwiftPackageReference section */
		727B1EA02CB67063002297DD /* XCRemoteSwiftPackageReference "Kingfisher" */ = {
			isa = XCRemoteSwiftPackageReference;
			repositoryURL = "https://github.com/onevcat/Kingfisher.git";
			requirement = {
				kind = upToNextMajorVersion;
				minimumVersion = 8.0.3;
			};
		};
		727B1EA32CB67070002297DD /* XCRemoteSwiftPackageReference "Toast-Swift" */ = {
			isa = XCRemoteSwiftPackageReference;
			repositoryURL = "https://github.com/scalessec/Toast-Swift.git";
			requirement = {
				kind = upToNextMajorVersion;
				minimumVersion = 5.1.1;
			};
		};
		727B1EA62CB670AA002297DD /* XCRemoteSwiftPackageReference "Alamofire" */ = {
			isa = XCRemoteSwiftPackageReference;
			repositoryURL = "https://github.com/Alamofire/Alamofire";
			requirement = {
				kind = upToNextMajorVersion;
				minimumVersion = 5.9.1;
			};
		};
		727B1EA92CB67112002297DD /* XCRemoteSwiftPackageReference "realm-swift" */ = {
			isa = XCRemoteSwiftPackageReference;
			repositoryURL = "https://github.com/realm/realm-swift.git";
			requirement = {
				kind = exactVersion;
				version = 10.54.0;
			};
		};
		72A3AB082CB63D02005FBCDD /* XCRemoteSwiftPackageReference "RxSwift" */ = {
			isa = XCRemoteSwiftPackageReference;
			repositoryURL = "https://github.com/ReactiveX/RxSwift.git";
			requirement = {
				kind = upToNextMajorVersion;
				minimumVersion = 6.8.0;
			};
		};
		72A3AB1D2CB6418C005FBCDD /* XCRemoteSwiftPackageReference "SnapKit" */ = {
			isa = XCRemoteSwiftPackageReference;
			repositoryURL = "https://github.com/SnapKit/SnapKit.git";
			requirement = {
				kind = upToNextMajorVersion;
				minimumVersion = 5.7.1;
			};
		};
/* End XCRemoteSwiftPackageReference section */

/* Begin XCSwiftPackageProductDependency section */
		727B1EA12CB67063002297DD /* Kingfisher */ = {
			isa = XCSwiftPackageProductDependency;
			package = 727B1EA02CB67063002297DD /* XCRemoteSwiftPackageReference "Kingfisher" */;
			productName = Kingfisher;
		};
		727B1EA42CB67070002297DD /* Toast */ = {
			isa = XCSwiftPackageProductDependency;
			package = 727B1EA32CB67070002297DD /* XCRemoteSwiftPackageReference "Toast-Swift" */;
			productName = Toast;
		};
		727B1EA72CB670AA002297DD /* Alamofire */ = {
			isa = XCSwiftPackageProductDependency;
			package = 727B1EA62CB670AA002297DD /* XCRemoteSwiftPackageReference "Alamofire" */;
			productName = Alamofire;
		};
		727B1EAA2CB67112002297DD /* RealmSwift */ = {
			isa = XCSwiftPackageProductDependency;
			package = 727B1EA92CB67112002297DD /* XCRemoteSwiftPackageReference "realm-swift" */;
			productName = RealmSwift;
		};
		72A3AB092CB63D02005FBCDD /* RxCocoa */ = {
			isa = XCSwiftPackageProductDependency;
			package = 72A3AB082CB63D02005FBCDD /* XCRemoteSwiftPackageReference "RxSwift" */;
			productName = RxCocoa;
		};
		72A3AB0B2CB63D02005FBCDD /* RxSwift */ = {
			isa = XCSwiftPackageProductDependency;
			package = 72A3AB082CB63D02005FBCDD /* XCRemoteSwiftPackageReference "RxSwift" */;
			productName = RxSwift;
		};
		72A3AB1E2CB6418C005FBCDD /* SnapKit */ = {
			isa = XCSwiftPackageProductDependency;
			package = 72A3AB1D2CB6418C005FBCDD /* XCRemoteSwiftPackageReference "SnapKit" */;
			productName = SnapKit;
		};
/* End XCSwiftPackageProductDependency section */
	};
	rootObject = 3582A4DF2CB637DA0031DDB3 /* Project object */;
}
